
Microsoft Visual Studio Solution File, Format Version 12.00
# Visual Studio Version 16
VisualStudioVersion = 16.0.31424.327
MinimumVisualStudioVersion = 10.0.40219.1
Project("{FAE04EC0-301F-11D3-BF4B-00C04F79EFBC}") = "MoviesAPI", "MoviesAPI\MoviesAPI.csproj", "{88562002-11DF-4053-ADBB-EDC78F569D68}"
EndProject
Global
	GlobalSection(SolutionConfigurationPlatforms) = preSolution
		Debug|Any CPU = Debug|Any CPU
		Release|Any CPU = Release|Any CPU
	EndGlobalSection
	GlobalSection(ProjectConfigurationPlatforms) = postSolution
		{88562002-11DF-4053-ADBB-EDC78F569D68}.Debug|Any CPU.ActiveCfg = Debug|Any CPU
		{88562002-11DF-4053-ADBB-EDC78F569D68}.Debug|Any CPU.Build.0 = Debug|Any CPU
		{88562002-11DF-4053-ADBB-EDC78F569D68}.Release|Any CPU.ActiveCfg = Release|Any CPU
		{88562002-11DF-4053-ADBB-EDC78F569D68}.Release|Any CPU.Build.0 = Release|Any CPU
	EndGlobalSection
	GlobalSection(SolutionProperties) = preSolution
		HideSolutionNode = FALSE
	EndGlobalSection
	GlobalSection(ExtensibilityGlobals) = postSolution
		SolutionGuid = {0FB5989F-3327-4333-9314-C43EA50B0D62}
	EndGlobalSection
EndGlobal
